
Microsoft Visual Studio Solution File, Format Version 12.00
# Visual Studio Version 17
VisualStudioVersion = 17.3.32825.248
MinimumVisualStudioVersion = 10.0.40219.1
Project("{FAE04EC0-301F-11D3-BF4B-00C04F79EFBC}") = "PdfSignature.cs", "PdfSignature.cs.csproj", "{2365CC74-4FC2-48B2-AAF5-14BDC1377ABD}"
EndProject
Global
	GlobalSection(SolutionConfigurationPlatforms) = preSolution
		Debug|Any CPU = Debug|Any CPU
		Release|Any CPU = Release|Any CPU
	EndGlobalSection
	GlobalSection(ProjectConfigurationPlatforms) = postSolution
		{2365CC74-4FC2-48B2-AAF5-14BDC1377ABD}.Debug|Any CPU.ActiveCfg = Debug|Any CPU
		{2365CC74-4FC2-48B2-AAF5-14BDC1377ABD}.Debug|Any CPU.Build.0 = Debug|Any CPU
		{2365CC74-4FC2-48B2-AAF5-14BDC1377ABD}.Release|Any CPU.ActiveCfg = Release|Any CPU
		{2365CC74-4FC2-48B2-AAF5-14BDC1377ABD}.Release|Any CPU.Build.0 = Release|Any CPU
	EndGlobalSection
	GlobalSection(SolutionProperties) = preSolution
		HideSolutionNode = FALSE
	EndGlobalSection
	GlobalSection(ExtensibilityGlobals) = postSolution
		SolutionGuid = {A2A777A9-0A23-49F3-9F0A-6D4C8C6CB92E}
	EndGlobalSection
EndGlobal
